
Microsoft Visual Studio Solution File, Format Version 12.00
# Visual Studio 15
VisualStudioVersion = 15.0.27130.2024
MinimumVisualStudioVersion = 10.0.40219.1
Project("{9A19103F-16F7-4668-BE54-9A1E7A4F7556}") = "Pundit.KnowledgeBase.WebCore", "src\Pundit.KnowledgeBase.WebCore\Pundit.KnowledgeBase.WebCore.csproj", "{50E55EE2-9473-4F71-95E4-3096A8256019}"
EndProject
Project("{E53339B2-1760-4266-BCC7-CA923CBCF16C}") = "docker-compose", "docker-compose.dcproj", "{DB15D83B-6F42-432B-9296-0D1CC97E5536}"
EndProject
Project("{2150E333-8FDC-42A3-9474-1A3956D46DE8}") = "src", "src", "{18278CFC-B0A5-44B5-9B8D-D35164FCCAD8}"
EndProject
Project("{2150E333-8FDC-42A3-9474-1A3956D46DE8}") = "test", "test", "{F2435EDA-5D55-4154-9171-A1BC26C708BA}"
EndProject
Project("{FAE04EC0-301F-11D3-BF4B-00C04F79EFBC}") = "Pundit.KnowledgeBase.WebCore.UnitTests", "tests\Pundit.KnowledgeBase.WebCore.UnitTests\Pundit.KnowledgeBase.WebCore.UnitTests.csproj", "{B8A52909-AAF1-47FD-AAF3-48F1C33264B4}"
EndProject
Global
	GlobalSection(SolutionConfigurationPlatforms) = preSolution
		Debug|Any CPU = Debug|Any CPU
		Release|Any CPU = Release|Any CPU
	EndGlobalSection
	GlobalSection(ProjectConfigurationPlatforms) = postSolution
		{50E55EE2-9473-4F71-95E4-3096A8256019}.Debug|Any CPU.ActiveCfg = Debug|Any CPU
		{50E55EE2-9473-4F71-95E4-3096A8256019}.Debug|Any CPU.Build.0 = Debug|Any CPU
		{50E55EE2-9473-4F71-95E4-3096A8256019}.Release|Any CPU.ActiveCfg = Release|Any CPU
		{50E55EE2-9473-4F71-95E4-3096A8256019}.Release|Any CPU.Build.0 = Release|Any CPU
		{DB15D83B-6F42-432B-9296-0D1CC97E5536}.Debug|Any CPU.ActiveCfg = Debug|Any CPU
		{DB15D83B-6F42-432B-9296-0D1CC97E5536}.Debug|Any CPU.Build.0 = Debug|Any CPU
		{DB15D83B-6F42-432B-9296-0D1CC97E5536}.Release|Any CPU.ActiveCfg = Release|Any CPU
		{DB15D83B-6F42-432B-9296-0D1CC97E5536}.Release|Any CPU.Build.0 = Release|Any CPU
		{B8A52909-AAF1-47FD-AAF3-48F1C33264B4}.Debug|Any CPU.ActiveCfg = Debug|Any CPU
		{B8A52909-AAF1-47FD-AAF3-48F1C33264B4}.Debug|Any CPU.Build.0 = Debug|Any CPU
		{B8A52909-AAF1-47FD-AAF3-48F1C33264B4}.Release|Any CPU.ActiveCfg = Release|Any CPU
		{B8A52909-AAF1-47FD-AAF3-48F1C33264B4}.Release|Any CPU.Build.0 = Release|Any CPU
	EndGlobalSection
	GlobalSection(SolutionProperties) = preSolution
		HideSolutionNode = FALSE
	EndGlobalSection
	GlobalSection(NestedProjects) = preSolution
		{50E55EE2-9473-4F71-95E4-3096A8256019} = {18278CFC-B0A5-44B5-9B8D-D35164FCCAD8}
		{B8A52909-AAF1-47FD-AAF3-48F1C33264B4} = {F2435EDA-5D55-4154-9171-A1BC26C708BA}
	EndGlobalSection
	GlobalSection(ExtensibilityGlobals) = postSolution
		SolutionGuid = {30066191-E8A4-414E-9FDA-ACD1AE1A18B3}
	EndGlobalSection
EndGlobal
